{
	"name": "crm",
	"lockfileVersion": 3,
	"requires": true,
	"packages": {
		"": {
			"hasInstallScript": true,
			"dependencies": {
				"@ringcentral/sdk": "^5.0.5",
				"ringcentral-web-phone": "^2.2.7"
			}
		},
		"node_modules/@mixpanel/rrdom": {
			"version": "2.0.0-alpha.18.1",
			"resolved": "https://registry.npmjs.org/@mixpanel/rrdom/-/rrdom-2.0.0-alpha.18.1.tgz",
			"integrity": "sha512-bkltbuuYuXuzGoBaDHQOotUn1Z3+kXg98uBjjoq+YLUh3REv0ok1q/B912ZyzBEcU856zM3iLYrFVt3sl9/ZYA==",
			"license": "MIT",
			"dependencies": {
				"@mixpanel/rrweb-snapshot": "^2.0.0-alpha.18"
			}
		},
		"node_modules/@mixpanel/rrweb": {
			"version": "2.0.0-alpha.18.1",
			"resolved": "https://registry.npmjs.org/@mixpanel/rrweb/-/rrweb-2.0.0-alpha.18.1.tgz",
			"integrity": "sha512-LH2wmwLPSAtq7j3iqxm32cFwDCp0xqLiXKDJq1B7WWGowNfrGOfVjqZ4ftf5dXMm0w2UNpx8tWfi+9Tt4YMt0g==",
			"license": "MIT",
			"dependencies": {
				"@mixpanel/rrdom": "^2.0.0-alpha.18",
				"@mixpanel/rrweb-snapshot": "^2.0.0-alpha.18",
				"@mixpanel/rrweb-types": "^2.0.0-alpha.18",
				"@mixpanel/rrweb-utils": "^2.0.0-alpha.18",
				"@types/css-font-loading-module": "0.0.7",
				"@xstate/fsm": "^1.4.0",
				"base64-arraybuffer": "^1.0.1",
				"mitt": "^3.0.0"
			}
		},
		"node_modules/@mixpanel/rrweb-snapshot": {
			"version": "2.0.0-alpha.18.1",
			"resolved": "https://registry.npmjs.org/@mixpanel/rrweb-snapshot/-/rrweb-snapshot-2.0.0-alpha.18.1.tgz",
			"integrity": "sha512-PKwu7NQwogHcJrWS7FSOIfo+d8QVjI1H67Xoe7q0CR9a0xpKsxrR/AhJRm4uUMI5cN4f7eH0mxyXuPj4X7rLtg==",
			"license": "MIT",
			"dependencies": {
				"postcss": "^8.4.38"
			}
		},
		"node_modules/@mixpanel/rrweb-types": {
			"version": "2.0.0-alpha.18.1",
			"resolved": "https://registry.npmjs.org/@mixpanel/rrweb-types/-/rrweb-types-2.0.0-alpha.18.1.tgz",
			"integrity": "sha512-0gVDvG551iDTV+ffn2KzPfEc1r2YD0y1Zwm+p1NzXMw55/dnu+ZXJ1yVF5ciI6ebYk0udKV9PAZlIye3M5yENA==",
			"license": "MIT"
		},
		"node_modules/@mixpanel/rrweb-utils": {
			"version": "2.0.0-alpha.18.1",
			"resolved": "https://registry.npmjs.org/@mixpanel/rrweb-utils/-/rrweb-utils-2.0.0-alpha.18.1.tgz",
			"integrity": "sha512-RP9y05dt08HT2kcDZWQebU76LclCLivGvRqv6530w6e13UdfhPM+/Qxg9X49LuzJyuCCk+9FAu5IL4doph7nsQ==",
			"license": "MIT"
		},
		"node_modules/@ringcentral/sdk": {
			"version": "5.0.5",
			"resolved": "https://registry.npmjs.org/@ringcentral/sdk/-/sdk-5.0.5.tgz",
			"integrity": "sha512-PbAIyK+AmnsPv2zrITkKkv7jho/I9ejRCXZC30mKz8zH7Nc2HPZwSKxJex2zWU3e7ZCXZJ1kX9obuifcuc0juw==",
			"license": "MIT",
			"dependencies": {
				"dom-storage": "^2.1.0",
				"is-plain-object": "^2.0.4",
				"node-fetch": "^2.6.7"
			},
			"engines": {
				"node": ">=4"
			}
		},
		"node_modules/@types/css-font-loading-module": {
			"version": "0.0.7",
			"resolved": "https://registry.npmjs.org/@types/css-font-loading-module/-/css-font-loading-module-0.0.7.tgz",
			"integrity": "sha512-nl09VhutdjINdWyXxHWN/w9zlNCfr60JUqJbd24YXUuCwgeL0TpFSdElCwb6cxfB6ybE19Gjj4g0jsgkXxKv1Q==",
			"license": "MIT"
		},
		"node_modules/@xstate/fsm": {
			"version": "1.6.5",
			"resolved": "https://registry.npmjs.org/@xstate/fsm/-/fsm-1.6.5.tgz",
			"integrity": "sha512-b5o1I6aLNeYlU/3CPlj/Z91ybk1gUsKT+5NAJI+2W4UjvS5KLG28K9v5UvNoFVjHV8PajVZ00RH3vnjyQO7ZAw==",
			"license": "MIT"
		},
		"node_modules/base64-arraybuffer": {
			"version": "1.0.2",
			"resolved": "https://registry.npmjs.org/base64-arraybuffer/-/base64-arraybuffer-1.0.2.tgz",
			"integrity": "sha512-I3yl4r9QB5ZRY3XuJVEPfc2XhZO6YweFPI+UovAzn+8/hb3oJ6lnysaFcjVpkCPfVWFUDvoZ8kmVDP7WyRtYtQ==",
			"license": "MIT",
			"engines": {
				"node": ">= 0.6.0"
			}
		},
		"node_modules/blueimp-md5": {
			"version": "2.19.0",
			"resolved": "https://registry.npmjs.org/blueimp-md5/-/blueimp-md5-2.19.0.tgz",
			"integrity": "sha512-DRQrD6gJyy8FbiE4s+bDoXS9hiW3Vbx5uCdwvcCf3zLHL+Iv7LtGHLpr+GZV8rHG8tK766FGYBwRbu8pELTt+w==",
			"license": "MIT"
		},
		"node_modules/dom-storage": {
			"version": "2.1.0",
			"resolved": "https://registry.npmjs.org/dom-storage/-/dom-storage-2.1.0.tgz",
			"integrity": "sha512-g6RpyWXzl0RR6OTElHKBl7nwnK87GUyZMYC7JWsB/IA73vpqK2K6LT39x4VepLxlSsWBFrPVLnsSR5Jyty0+2Q==",
			"license": "(MIT or Apache-2.0)",
			"engines": {
				"node": "*"
			}
		},
		"node_modules/fast-xml-parser": {
			"version": "5.2.5",
			"resolved": "https://registry.npmjs.org/fast-xml-parser/-/fast-xml-parser-5.2.5.tgz",
			"integrity": "sha512-pfX9uG9Ki0yekDHx2SiuRIyFdyAr1kMIMitPvb0YBo8SUfKvia7w7FIyd/l6av85pFYRhZscS75MwMnbvY+hcQ==",
			"funding": [
				{
					"type": "github",
					"url": "https://github.com/sponsors/NaturalIntelligence"
				}
			],
			"license": "MIT",
			"dependencies": {
				"strnum": "^2.1.0"
			},
			"bin": {
				"fxparser": "src/cli/cli.js"
			}
		},
		"node_modules/is-plain-object": {
			"version": "2.0.4",
			"resolved": "https://registry.npmjs.org/is-plain-object/-/is-plain-object-2.0.4.tgz",
			"integrity": "sha512-h5PpgXkWitc38BBMYawTYMWJHFZJVnBquFE57xFpjB8pJFiF6gZ+bU+WyI/yqXiFR5mdLsgYNaPe8uao6Uv9Og==",
			"license": "MIT",
			"dependencies": {
				"isobject": "^3.0.1"
			},
			"engines": {
				"node": ">=0.10.0"
			}
		},
		"node_modules/isobject": {
			"version": "3.0.1",
			"resolved": "https://registry.npmjs.org/isobject/-/isobject-3.0.1.tgz",
			"integrity": "sha512-WhB9zCku7EGTj/HQQRz5aUQEUeoQZH2bWcltRErOpymJ4boYE6wL9Tbr23krRPSZ+C5zqNSrSw+Cc7sZZ4b7vg==",
			"license": "MIT",
			"engines": {
				"node": ">=0.10.0"
			}
		},
		"node_modules/mitt": {
			"version": "3.0.1",
			"resolved": "https://registry.npmjs.org/mitt/-/mitt-3.0.1.tgz",
			"integrity": "sha512-vKivATfr97l2/QBCYAkXYDbrIWPM2IIKEl7YPhjCvKlG3kE2gm+uBo6nEXK3M5/Ffh/FLpKExzOQ3JJoJGFKBw==",
			"license": "MIT"
		},
		"node_modules/mixpanel-browser": {
			"version": "2.70.0",
			"resolved": "https://registry.npmjs.org/mixpanel-browser/-/mixpanel-browser-2.70.0.tgz",
			"integrity": "sha512-iXSD6t9iNTHd1cHbBlP4LrJACgAKfFrssttGKAy4sNu+BodVccTlJQJeBxINZUBsP/WbWMFSuDo2xHRUr3OG/A==",
			"license": "Apache-2.0",
			"dependencies": {
				"@mixpanel/rrweb": "2.0.0-alpha.18.1"
			}
		},
		"node_modules/nanoid": {
			"version": "3.3.11",
			"resolved": "https://registry.npmjs.org/nanoid/-/nanoid-3.3.11.tgz",
			"integrity": "sha512-N8SpfPUnUp1bK+PMYW8qSWdl9U+wwNWI4QKxOYDy9JAro3WMX7p2OeVRF9v+347pnakNevPmiHhNmZ2HbFA76w==",
			"funding": [
				{
					"type": "github",
					"url": "https://github.com/sponsors/ai"
				}
			],
			"license": "MIT",
			"bin": {
				"nanoid": "bin/nanoid.cjs"
			},
			"engines": {
				"node": "^10 || ^12 || ^13.7 || ^14 || >=15.0.1"
			}
		},
		"node_modules/node-fetch": {
			"version": "2.7.0",
			"resolved": "https://registry.npmjs.org/node-fetch/-/node-fetch-2.7.0.tgz",
			"integrity": "sha512-c4FRfUm/dbcWZ7U+1Wq0AwCyFL+3nt2bEw05wfxSz+DWpWsitgmSgYmy2dQdWyKC1694ELPqMs/YzUSNozLt8A==",
			"license": "MIT",
			"dependencies": {
				"whatwg-url": "^5.0.0"
			},
			"engines": {
				"node": "4.x || >=6.0.0"
			},
			"peerDependencies": {
				"encoding": "^0.1.0"
			},
			"peerDependenciesMeta": {
				"encoding": {
					"optional": true
				}
			}
		},
		"node_modules/picocolors": {
			"version": "1.1.1",
			"resolved": "https://registry.npmjs.org/picocolors/-/picocolors-1.1.1.tgz",
			"integrity": "sha512-xceH2snhtb5M9liqDsmEw56le376mTZkEX/jEb/RxNFyegNul7eNslCXP9FDj/Lcu0X8KEyMceP2ntpaHrDEVA==",
			"license": "ISC"
		},
		"node_modules/postcss": {
			"version": "8.5.6",
			"resolved": "https://registry.npmjs.org/postcss/-/postcss-8.5.6.tgz",
			"integrity": "sha512-3Ybi1tAuwAP9s0r1UQ2J4n5Y0G05bJkpUIO0/bI9MhwmD70S5aTWbXGBwxHrelT+XM1k6dM0pk+SwNkpTRN7Pg==",
			"funding": [
				{
					"type": "opencollective",
					"url": "https://opencollective.com/postcss/"
				},
				{
					"type": "tidelift",
					"url": "https://tidelift.com/funding/github/npm/postcss"
				},
				{
					"type": "github",
					"url": "https://github.com/sponsors/ai"
				}
			],
			"license": "MIT",
			"dependencies": {
				"nanoid": "^3.3.11",
				"picocolors": "^1.1.1",
				"source-map-js": "^1.2.1"
			},
			"engines": {
				"node": "^10 || ^12 || >=14"
			}
		},
		"node_modules/ringcentral-web-phone": {
			"version": "2.2.7",
			"resolved": "https://registry.npmjs.org/ringcentral-web-phone/-/ringcentral-web-phone-2.2.7.tgz",
			"integrity": "sha512-Efe11Y2MLWLVfvTRDj4T+27DFUy4ahxbKU5p4XT+Xgje8snqqAd+gJ3/NXlDBON7WqQduO4Ldj/f6U1E8NbN3Q==",
			"license": "MIT",
			"dependencies": {
				"blueimp-md5": "^2.19.0",
				"fast-xml-parser": "^5.2.5",
				"mixpanel-browser": "^2.68.0",
				"sdp-transform": "^2.15.0",
				"uuid": "^11.1.0"
			}
		},
		"node_modules/sdp-transform": {
			"version": "2.15.0",
			"resolved": "https://registry.npmjs.org/sdp-transform/-/sdp-transform-2.15.0.tgz",
			"integrity": "sha512-KrOH82c/W+GYQ0LHqtr3caRpM3ITglq3ljGUIb8LTki7ByacJZ9z+piSGiwZDsRyhQbYBOBJgr2k6X4BZXi3Kw==",
			"license": "MIT",
			"bin": {
				"sdp-verify": "checker.js"
			}
		},
		"node_modules/source-map-js": {
			"version": "1.2.1",
			"resolved": "https://registry.npmjs.org/source-map-js/-/source-map-js-1.2.1.tgz",
			"integrity": "sha512-UXWMKhLOwVKb728IUtQPXxfYU+usdybtUrK/8uGE8CQMvrhOpwvzDBwj0QhSL7MQc7vIsISBG8VQ8+IDQxpfQA==",
			"license": "BSD-3-Clause",
			"engines": {
				"node": ">=0.10.0"
			}
		},
		"node_modules/strnum": {
			"version": "2.1.1",
			"resolved": "https://registry.npmjs.org/strnum/-/strnum-2.1.1.tgz",
			"integrity": "sha512-7ZvoFTiCnGxBtDqJ//Cu6fWtZtc7Y3x+QOirG15wztbdngGSkht27o2pyGWrVy0b4WAy3jbKmnoK6g5VlVNUUw==",
			"funding": [
				{
					"type": "github",
					"url": "https://github.com/sponsors/NaturalIntelligence"
				}
			],
			"license": "MIT"
		},
		"node_modules/tr46": {
			"version": "0.0.3",
			"resolved": "https://registry.npmjs.org/tr46/-/tr46-0.0.3.tgz",
			"integrity": "sha512-N3WMsuqV66lT30CrXNbEjx4GEwlow3v6rr4mCcv6prnfwhS01rkgyFdjPNBYd9br7LpXV1+Emh01fHnq2Gdgrw==",
			"license": "MIT"
		},
		"node_modules/uuid": {
			"version": "11.1.0",
			"resolved": "https://registry.npmjs.org/uuid/-/uuid-11.1.0.tgz",
			"integrity": "sha512-0/A9rDy9P7cJ+8w1c9WD9V//9Wj15Ce2MPz8Ri6032usz+NfePxx5AcN3bN+r6ZL6jEo066/yNYB3tn4pQEx+A==",
			"funding": [
				"https://github.com/sponsors/broofa",
				"https://github.com/sponsors/ctavan"
			],
			"license": "MIT",
			"bin": {
				"uuid": "dist/esm/bin/uuid"
			}
		},
		"node_modules/webidl-conversions": {
			"version": "3.0.1",
			"resolved": "https://registry.npmjs.org/webidl-conversions/-/webidl-conversions-3.0.1.tgz",
			"integrity": "sha512-2JAn3z8AR6rjK8Sm8orRC0h/bcl/DqL7tRPdGZ4I1CjdF+EaMLmYxBHyXuKL849eucPFhvBoxMsflfOb8kxaeQ==",
			"license": "BSD-2-Clause"
		},
		"node_modules/whatwg-url": {
			"version": "5.0.0",
			"resolved": "https://registry.npmjs.org/whatwg-url/-/whatwg-url-5.0.0.tgz",
			"integrity": "sha512-saE57nupxk6v3HY35+jzBwYa0rKSy0XR8JSxZPwgLr7ys0IBzhGviA1/TUGJLmSVqs8pb9AnvICXEuOHLprYTw==",
			"license": "MIT",
			"dependencies": {
				"tr46": "~0.0.3",
				"webidl-conversions": "^3.0.0"
			}
		}
	}
}
